# THIS IS AN AUTOGENERATED FILE. DO NOT EDIT THIS FILE DIRECTLY.
# yarn lockfile v1


"@gozala/automerge-backend-wasm@0.1.3":
  version "0.1.3"
  resolved "https://registry.yarnpkg.com/@gozala/automerge-backend-wasm/-/automerge-backend-wasm-0.1.3.tgz#770140e11ffbc2d321f67ef98110397efb63248f"
  integrity sha512-NrRTK9WQzQ/3n+iua9kXuOiYowhJaLrU8M8Ggtzd+BOYqVkrnCA/kih+JxcQJvc5N9RjCdn56ExbsGEkCxijZw==

"automerge@git://github.com/gozala/automerge#performance":
  version "0.14.0"
  resolved "git://github.com/gozala/automerge#7917cf555bf6ee834b369b73e5ddaa5bc9d8bc43"
  dependencies:
    fast-sha256 "^1.3.0"
    immutable "^3.8.2"
    uuid "^3.4.0"

esbuild@^0.8.7:
  version "0.8.37"
  resolved "https://registry.yarnpkg.com/esbuild/-/esbuild-0.8.37.tgz#375f04b734b0da500d39cacb1ad68a880c2c0831"
  integrity sha512-F8kPr56HZmmKy0mHOXyStvEXEIvaluHlXJTYiLrwdDh1cnl/RhLp6F/dnR+mOsoKLLt3O9qYZfaAPBtm1e8Pfw==

fast-sha256@^1.3.0:
  version "1.3.0"
  resolved "https://registry.yarnpkg.com/fast-sha256/-/fast-sha256-1.3.0.tgz#7916ba2054eeb255982608cccd0f6660c79b7ae6"
  integrity sha512-n11RGP/lrWEFI/bWdygLxhI+pVeo1ZYIVwvvPkW7azl/rOy+F3HYRZ2K5zeE9mmkhQppyv9sQFx0JM9UabnpPQ==

fsevents@^2.2.0:
  version "2.3.1"
  resolved "https://registry.yarnpkg.com/fsevents/-/fsevents-2.3.1.tgz#b209ab14c61012636c8863507edf7fb68cc54e9f"
  integrity sha512-YR47Eg4hChJGAB1O3yEAOkGO+rlzutoICGqGo9EZ4lKWokzZRSyIW1QmTzqjtw8MJdj9srP869CuWw/hyzSiBw==

fsevents@~2.1.2:
  version "2.1.3"
  resolved "https://registry.yarnpkg.com/fsevents/-/fsevents-2.1.3.tgz#fb738703ae8d2f9fe900c33836ddebee8b97f23e"
  integrity sha512-Auw9a4AxqWpa9GUfj370BMPzzyncfBABW8Mab7BGWBYDj4Isgq+cDKtx0i6u9jcX9pQDnswsaaOTgTmA5pEjuQ==

immutable@^3.8.2:
  version "3.8.2"
  resolved "https://registry.yarnpkg.com/immutable/-/immutable-3.8.2.tgz#c2439951455bb39913daf281376f1530e104adf3"
  integrity sha1-wkOZUUVbs5kT2vKBN28VMOEErfM=

is-docker@^2.0.0:
  version "2.1.1"
  resolved "https://registry.yarnpkg.com/is-docker/-/is-docker-2.1.1.tgz#4125a88e44e450d384e09047ede71adc2d144156"
  integrity sha512-ZOoqiXfEwtGknTiuDEy8pN2CfE3TxMHprvNer1mXiqwkOT77Rw3YVrUQ52EqAOU3QAWDQ+bQdx7HJzrv7LS2Hw==

is-wsl@^2.1.1:
  version "2.2.0"
  resolved "https://registry.yarnpkg.com/is-wsl/-/is-wsl-2.2.0.tgz#74a4c76e77ca9fd3f932f290c17ea326cd157271"
  integrity sha512-fKzAra0rGJUUBwGBgNkHZuToZcn+TtXHpeCgmkMJMMYx1sQDYaCSyjJBSCa2nH1DGm7s3n1oBnohoVTBaN7Lww==
  dependencies:
    is-docker "^2.0.0"

open@^7.0.4:
  version "7.3.1"
  resolved "https://registry.yarnpkg.com/open/-/open-7.3.1.tgz#111119cb919ca1acd988f49685c4fdd0f4755356"
  integrity sha512-f2wt9DCBKKjlFbjzGb8MOAW8LH8F0mrs1zc7KTjAJ9PZNQbfenzWbNP1VZJvw6ICMG9r14Ah6yfwPn7T7i646A==
  dependencies:
    is-docker "^2.0.0"
    is-wsl "^2.1.1"

rollup@^2.34.0:
  version "2.38.1"
  resolved "https://registry.yarnpkg.com/rollup/-/rollup-2.38.1.tgz#ecea0f7ce6ef2c1f023fdb79524eb7aeb670ea79"
  integrity sha512-q07T6vU/V1kqM8rGRRyCgEvIQcIAXoKIE5CpkYAlHhfiWM1Iuh4dIPWpIbqFngCK6lwAB2aYHiUVhIbSWHQWhw==
  optionalDependencies:
    fsevents "~2.1.2"

snowpack@3.0.11:
  version "3.0.11"
  resolved "https://registry.yarnpkg.com/snowpack/-/snowpack-3.0.11.tgz#95f69f95367116e3a9bb5112d090d6328f2d3a28"
  integrity sha512-lBxgkvWTgdg0szE31JUt01wQkA9Lnmm+6lxqeV9rxDfflpx7ASnldVHFvu7Se70QJmPTQB0UJjfKI+xmYGwiiQ==
  dependencies:
    esbuild "^0.8.7"
    open "^7.0.4"
    rollup "^2.34.0"
  optionalDependencies:
    fsevents "^2.2.0"

typescript@4.2.0-beta:
  version "4.2.0-beta"
  resolved "https://registry.yarnpkg.com/typescript/-/typescript-4.2.0-beta.tgz#75326e43625718f4a325f5725a105a1b3f1a7b45"
  integrity sha512-0nYjpkQ6bKjHoJTQkUHcDtGLNenqc5rfTcl3ISUnJXPkGa0115FcVJABmodfMKHLyDBmzDr8IGLbDv5m7sbYgw==

uuid@^3.4.0:
  version "3.4.0"
  resolved "https://registry.yarnpkg.com/uuid/-/uuid-3.4.0.tgz#b23e4358afa8a202fe7a100af1f5f883f02007ee"
  integrity sha512-HjSDRw6gZE5JMggctHBcjVak08+KEVhSIiDzFnT9S9aegmp85S/bReBVTb4QTFaRNptJ9kuYaNhnbNEOkbKb/A==
